# This file is automatically @generated by Cargo.
# It is not intended for manual editing.
[[package]]
name = "dep"
version = "0.1.0"
dependencies = [
 "versioned-dependency 0.1.0",
]

[[package]]
name = "trait-mismatch-diagnostics"
version = "0.1.0"
dependencies = [
 "dep 0.1.0",
 "versioned-dependency 0.2.0",
]

[[package]]
name = "versioned-dependency"
version = "0.1.0"

[[package]]
name = "versioned-dependency"
version = "0.2.0"

